// !$*UTF8*$!
{
	archiveVersion = 1;
	classes = {
	};
	objectVersion = 50;
	objects = {

/* Begin PBXBuildFile section */
		45D4BEDC2572CA05002E9F6D /* AppDelegate.swift in Sources */ = {isa = PBXBuildFile; fileRef = 45D4BEDB2572CA05002E9F6D /* AppDelegate.swift */; };
		45D4BEDE2572CA05002E9F6D /* SceneDelegate.swift in Sources */ = {isa = PBXBuildFile; fileRef = 45D4BEDD2572CA05002E9F6D /* SceneDelegate.swift */; };
		45D4BEE02572CA05002E9F6D /* ViewController.swift in Sources */ = {isa = PBXBuildFile; fileRef = 45D4BEDF2572CA05002E9F6D /* ViewController.swift */; };
		45D4BEE32572CA05002E9F6D /* Main.storyboard in Resources */ = {isa = PBXBuildFile; fileRef = 45D4BEE12572CA05002E9F6D /* Main.storyboard */; };
		45D4BEE52572CA07002E9F6D /* Assets.xcassets in Resources */ = {isa = PBXBuildFile; fileRef = 45D4BEE42572CA07002E9F6D /* Assets.xcassets */; };
		45D4BEE82572CA07002E9F6D /* LaunchScreen.storyboard in Resources */ = {isa = PBXBuildFile; fileRef = 45D4BEE62572CA07002E9F6D /* LaunchScreen.storyboard */; };
		45D4BEF225740679002E9F6D /* SwipingController.swift in Sources */ = {isa = PBXBuildFile; fileRef = 45D4BEF125740679002E9F6D /* SwipingController.swift */; };
		45D4BEF525740C5A002E9F6D /* PageCell.swift in Sources */ = {isa = PBXBuildFile; fileRef = 45D4BEF425740C5A002E9F6D /* PageCell.swift */; };
		45D4BF022575F340002E9F6D /* Page.swift in Sources */ = {isa = PBXBuildFile; fileRef = 45D4BF012575F340002E9F6D /* Page.swift */; };
		45D4BF0625794EDE002E9F6D /* SwipingController+extension.swift in Sources */ = {isa = PBXBuildFile; fileRef = 45D4BF0525794EDE002E9F6D /* SwipingController+extension.swift */; };
		45D4BF0925794FB7002E9F6D /* SwipingController+UICollectionView.swift in Sources */ = {isa = PBXBuildFile; fileRef = 45D4BF0825794FB7002E9F6D /* SwipingController+UICollectionView.swift */; };
/* End PBXBuildFile section */

/* Begin PBXFileReference section */
		45D4BED82572CA05002E9F6D /* AutolayoutUIKit.app */ = {isa = PBXFileReference; explicitFileType = wrapper.application; includeInIndex = 0; path = AutolayoutUIKit.app; sourceTree = BUILT_PRODUCTS_DIR; };
		45D4BEDB2572CA05002E9F6D /* AppDelegate.swift */ = {isa = PBXFileReference; lastKnownFileType = sourcecode.swift; path = AppDelegate.swift; sourceTree = "<group>"; };
		45D4BEDD2572CA05002E9F6D /* SceneDelegate.swift */ = {isa = PBXFileReference; lastKnownFileType = sourcecode.swift; path = SceneDelegate.swift; sourceTree = "<group>"; };
		45D4BEDF2572CA05002E9F6D /* ViewController.swift */ = {isa = PBXFileReference; lastKnownFileType = sourcecode.swift; path = ViewController.swift; sourceTree = "<group>"; };
		45D4BEE22572CA05002E9F6D /* Base */ = {isa = PBXFileReference; lastKnownFileType = file.storyboard; name = Base; path = Base.lproj/Main.storyboard; sourceTree = "<group>"; };
		45D4BEE42572CA07002E9F6D /* Assets.xcassets */ = {isa = PBXFileReference; lastKnownFileType = folder.assetcatalog; path = Assets.xcassets; sourceTree = "<group>"; };
		45D4BEE72572CA07002E9F6D /* Base */ = {isa = PBXFileReference; lastKnownFileType = file.storyboard; name = Base; path = Base.lproj/LaunchScreen.storyboard; sourceTree = "<group>"; };
		45D4BEE92572CA07002E9F6D /* Info.plist */ = {isa = PBXFileReference; lastKnownFileType = text.plist.xml; path = Info.plist; sourceTree = "<group>"; };
		45D4BEF125740679002E9F6D /* SwipingController.swift */ = {isa = PBXFileReference; lastKnownFileType = sourcecode.swift; path = SwipingController.swift; sourceTree = "<group>"; };
		45D4BEF425740C5A002E9F6D /* PageCell.swift */ = {isa = PBXFileReference; lastKnownFileType = sourcecode.swift; path = PageCell.swift; sourceTree = "<group>"; };
		45D4BF012575F340002E9F6D /* Page.swift */ = {isa = PBXFileReference; lastKnownFileType = sourcecode.swift; path = Page.swift; sourceTree = "<group>"; };
		45D4BF0525794EDE002E9F6D /* SwipingController+extension.swift */ = {isa = PBXFileReference; lastKnownFileType = sourcecode.swift; path = "SwipingController+extension.swift"; sourceTree = "<group>"; };
		45D4BF0825794FB7002E9F6D /* SwipingController+UICollectionView.swift */ = {isa = PBXFileReference; lastKnownFileType = sourcecode.swift; path = "SwipingController+UICollectionView.swift"; sourceTree = "<group>"; };
/* End PBXFileReference section */

/* Begin PBXFrameworksBuildPhase section */
		45D4BED52572CA05002E9F6D /* Frameworks */ = {
			isa = PBXFrameworksBuildPhase;
			buildActionMask = 2147483647;
			files = (
			);
			runOnlyForDeploymentPostprocessing = 0;
		};
/* End PBXFrameworksBuildPhase section */

/* Begin PBXGroup section */
		45D4BECF2572CA05002E9F6D = {
			isa = PBXGroup;
			children = (
				45D4BEDA2572CA05002E9F6D /* AutolayoutUIKit */,
				45D4BED92572CA05002E9F6D /* Products */,
			);
			sourceTree = "<group>";
		};
		45D4BED92572CA05002E9F6D /* Products */ = {
			isa = PBXGroup;
			children = (
				45D4BED82572CA05002E9F6D /* AutolayoutUIKit.app */,
			);
			name = Products;
			sourceTree = "<group>";
		};
		45D4BEDA2572CA05002E9F6D /* AutolayoutUIKit */ = {
			isa = PBXGroup;
			children = (
				45D4BEDB2572CA05002E9F6D /* AppDelegate.swift */,
				45D4BEDD2572CA05002E9F6D /* SceneDelegate.swift */,
				45D4BEDF2572CA05002E9F6D /* ViewController.swift */,
				45D4BEE12572CA05002E9F6D /* Main.storyboard */,
				45D4BEE42572CA07002E9F6D /* Assets.xcassets */,
				45D4BEE62572CA07002E9F6D /* LaunchScreen.storyboard */,
				45D4BEE92572CA07002E9F6D /* Info.plist */,
				45D4BEF125740679002E9F6D /* SwipingController.swift */,
				45D4BEF425740C5A002E9F6D /* PageCell.swift */,
				45D4BF012575F340002E9F6D /* Page.swift */,
				45D4BF0525794EDE002E9F6D /* SwipingController+extension.swift */,
				45D4BF0825794FB7002E9F6D /* SwipingController+UICollectionView.swift */,
			);
			path = AutolayoutUIKit;
			sourceTree = "<group>";
		};
/* End PBXGroup section */

/* Begin PBXNativeTarget section */
		45D4BED72572CA05002E9F6D /* AutolayoutUIKit */ = {
			isa = PBXNativeTarget;
			buildConfigurationList = 45D4BEEC2572CA07002E9F6D /* Build configuration list for PBXNativeTarget "AutolayoutUIKit" */;
			buildPhases = (
				45D4BED42572CA05002E9F6D /* Sources */,
				45D4BED52572CA05002E9F6D /* Frameworks */,
				45D4BED62572CA05002E9F6D /* Resources */,
			);
			buildRules = (
			);
			dependencies = (
			);
			name = AutolayoutUIKit;
			productName = AutolayoutUIKit;
			productReference = 45D4BED82572CA05002E9F6D /* AutolayoutUIKit.app */;
			productType = "com.apple.product-type.application";
		};
/* End PBXNativeTarget section */

/* Begin PBXProject section */
		45D4BED02572CA05002E9F6D /* Project object */ = {
			isa = PBXProject;
			attributes = {
				LastSwiftUpdateCheck = 1220;
				LastUpgradeCheck = 1220;
				TargetAttributes = {
					45D4BED72572CA05002E9F6D = {
						CreatedOnToolsVersion = 12.2;
					};
				};
			};
			buildConfigurationList = 45D4BED32572CA05002E9F6D /* Build configuration list for PBXProject "AutolayoutUIKit" */;
			compatibilityVersion = "Xcode 9.3";
			developmentRegion = en;
			hasScannedForEncodings = 0;
			knownRegions = (
				en,
				Base,
			);
			mainGroup = 45D4BECF2572CA05002E9F6D;
			productRefGroup = 45D4BED92572CA05002E9F6D /* Products */;
			projectDirPath = "";
			projectRoot = "";
			targets = (
				45D4BED72572CA05002E9F6D /* AutolayoutUIKit */,
			);
		};
/* End PBXProject section */

/* Begin PBXResourcesBuildPhase section */
		45D4BED62572CA05002E9F6D /* Resources */ = {
			isa = PBXResourcesBuildPhase;
			buildActionMask = 2147483647;
			files = (
				45D4BEE82572CA07002E9F6D /* LaunchScreen.storyboard in Resources */,
				45D4BEE52572CA07002E9F6D /* Assets.xcassets in Resources */,
				45D4BEE32572CA05002E9F6D /* Main.storyboard in Resources */,
			);
			runOnlyForDeploymentPostprocessing = 0;
		};
/* End PBXResourcesBuildPhase section */

/* Begin PBXSourcesBuildPhase section */
		45D4BED42572CA05002E9F6D /* Sources */ = {
			isa = PBXSourcesBuildPhase;
			buildActionMask = 2147483647;
			files = (
				45D4BF0925794FB7002E9F6D /* SwipingController+UICollectionView.swift in Sources */,
				45D4BEE02572CA05002E9F6D /* ViewController.swift in Sources */,
				45D4BEF525740C5A002E9F6D /* PageCell.swift in Sources */,
				45D4BF022575F340002E9F6D /* Page.swift in Sources */,
				45D4BEDC2572CA05002E9F6D /* AppDelegate.swift in Sources */,
				45D4BEDE2572CA05002E9F6D /* SceneDelegate.swift in Sources */,
				45D4BEF225740679002E9F6D /* SwipingController.swift in Sources */,
				45D4BF0625794EDE002E9F6D /* SwipingController+extension.swift in Sources */,
			);
			runOnlyForDeploymentPostprocessing = 0;
		};
/* End PBXSourcesBuildPhase section */

/* Begin PBXVariantGroup section */
		45D4BEE12572CA05002E9F6D /* Main.storyboard */ = {
			isa = PBXVariantGroup;
			children = (
				45D4BEE22572CA05002E9F6D /* Base */,
			);
			name = Main.storyboard;
			sourceTree = "<group>";
		};
		45D4BEE62572CA07002E9F6D /* LaunchScreen.storyboard */ = {
			isa = PBXVariantGroup;
			children = (
				45D4BEE72572CA07002E9F6D /* Base */,
			);
			name = LaunchScreen.storyboard;
			sourceTree = "<group>";
		};
/* End PBXVariantGroup section */

/* Begin XCBuildConfiguration section */
		45D4BEEA2572CA07002E9F6D /* Debug */ = {
			isa = XCBuildConfiguration;
			buildSettings = {
				ALWAYS_SEARCH_USER_PATHS = NO;
				CLANG_ANALYZER_NONNULL = YES;
				CLANG_ANALYZER_NUMBER_OBJECT_CONVERSION = YES_AGGRESSIVE;
				CLANG_CXX_LANGUAGE_STANDARD = "gnu++14";
				CLANG_CXX_LIBRARY = "libc++";
				CLANG_ENABLE_MODULES = YES;
				CLANG_ENABLE_OBJC_ARC = YES;
				CLANG_ENABLE_OBJC_WEAK = YES;
				CLANG_WARN_BLOCK_CAPTURE_AUTORELEASING = YES;
				CLANG_WARN_BOOL_CONVERSION = YES;
				CLANG_WARN_COMMA = YES;
				CLANG_WARN_CONSTANT_CONVERSION = YES;
				CLANG_WARN_DEPRECATED_OBJC_IMPLEMENTATIONS = YES;
				CLANG_WARN_DIRECT_OBJC_ISA_USAGE = YES_ERROR;
				CLANG_WARN_DOCUMENTATION_COMMENTS = YES;
				CLANG_WARN_EMPTY_BODY = YES;
				CLANG_WARN_ENUM_CONVERSION = YES;
				CLANG_WARN_INFINITE_RECURSION = YES;
				CLANG_WARN_INT_CONVERSION = YES;
				CLANG_WARN_NON_LITERAL_NULL_CONVERSION = YES;
				CLANG_WARN_OBJC_IMPLICIT_RETAIN_SELF = YES;
				CLANG_WARN_OBJC_LITERAL_CONVERSION = YES;
				CLANG_WARN_OBJC_ROOT_CLASS = YES_ERROR;
				CLANG_WARN_QUOTED_INCLUDE_IN_FRAMEWORK_HEADER = YES;
				CLANG_WARN_RANGE_LOOP_ANALYSIS = YES;
				CLANG_WARN_STRICT_PROTOTYPES = YES;
				CLANG_WARN_SUSPICIOUS_MOVE = YES;
				CLANG_WARN_UNGUARDED_AVAILABILITY = YES_AGGRESSIVE;
				CLANG_WARN_UNREACHABLE_CODE = YES;
				CLANG_WARN__DUPLICATE_METHOD_MATCH = YES;
				COPY_PHASE_STRIP = NO;
				DEBUG_INFORMATION_FORMAT = dwarf;
				ENABLE_STRICT_OBJC_MSGSEND = YES;
				ENABLE_TESTABILITY = YES;
				GCC_C_LANGUAGE_STANDARD = gnu11;
				GCC_DYNAMIC_NO_PIC = NO;
				GCC_NO_COMMON_BLOCKS = YES;
				GCC_OPTIMIZATION_LEVEL = 0;
				GCC_PREPROCESSOR_DEFINITIONS = (
					"DEBUG=1",
					"$(inherited)",
				);
				GCC_WARN_64_TO_32_BIT_CONVERSION = YES;
				GCC_WARN_ABOUT_RETURN_TYPE = YES_ERROR;
				GCC_WARN_UNDECLARED_SELECTOR = YES;
				GCC_WARN_UNINITIALIZED_AUTOS = YES_AGGRESSIVE;
				GCC_WARN_UNUSED_FUNCTION = YES;
				GCC_WARN_UNUSED_VARIABLE = YES;
				IPHONEOS_DEPLOYMENT_TARGET = 13.0;
				MTL_ENABLE_DEBUG_INFO = INCLUDE_SOURCE;
				MTL_FAST_MATH = YES;
				ONLY_ACTIVE_ARCH = YES;
				SDKROOT = iphoneos;
				SWIFT_ACTIVE_COMPILATION_CONDITIONS = DEBUG;
				SWIFT_OPTIMIZATION_LEVEL = "-Onone";
			};
			name = Debug;
		};
		45D4BEEB2572CA07002E9F6D /* Release */ = {
			isa = XCBuildConfiguration;
			buildSettings = {
				ALWAYS_SEARCH_USER_PATHS = NO;
				CLANG_ANALYZER_NONNULL = YES;
				CLANG_ANALYZER_NUMBER_OBJECT_CONVERSION = YES_AGGRESSIVE;
				CLANG_CXX_LANGUAGE_STANDARD = "gnu++14";
				CLANG_CXX_LIBRARY = "libc++";
				CLANG_ENABLE_MODULES = YES;
				CLANG_ENABLE_OBJC_ARC = YES;
				CLANG_ENABLE_OBJC_WEAK = YES;
				CLANG_WARN_BLOCK_CAPTURE_AUTORELEASING = YES;
				CLANG_WARN_BOOL_CONVERSION = YES;
				CLANG_WARN_COMMA = YES;
				CLANG_WARN_CONSTANT_CONVERSION = YES;
				CLANG_WARN_DEPRECATED_OBJC_IMPLEMENTATIONS = YES;
				CLANG_WARN_DIRECT_OBJC_ISA_USAGE = YES_ERROR;
				CLANG_WARN_DOCUMENTATION_COMMENTS = YES;
				CLANG_WARN_EMPTY_BODY = YES;
				CLANG_WARN_ENUM_CONVERSION = YES;
				CLANG_WARN_INFINITE_RECURSION = YES;
				CLANG_WARN_INT_CONVERSION = YES;
				CLANG_WARN_NON_LITERAL_NULL_CONVERSION = YES;
				CLANG_WARN_OBJC_IMPLICIT_RETAIN_SELF = YES;
				CLANG_WARN_OBJC_LITERAL_CONVERSION = YES;
				CLANG_WARN_OBJC_ROOT_CLASS = YES_ERROR;
				CLANG_WARN_QUOTED_INCLUDE_IN_FRAMEWORK_HEADER = YES;
				CLANG_WARN_RANGE_LOOP_ANALYSIS = YES;
				CLANG_WARN_STRICT_PROTOTYPES = YES;
				CLANG_WARN_SUSPICIOUS_MOVE = YES;
				CLANG_WARN_UNGUARDED_AVAILABILITY = YES_AGGRESSIVE;
				CLANG_WARN_UNREACHABLE_CODE = YES;
				CLANG_WARN__DUPLICATE_METHOD_MATCH = YES;
				COPY_PHASE_STRIP = NO;
				DEBUG_INFORMATION_FORMAT = "dwarf-with-dsym";
				ENABLE_NS_ASSERTIONS = NO;
				ENABLE_STRICT_OBJC_MSGSEND = YES;
				GCC_C_LANGUAGE_STANDARD = gnu11;
				GCC_NO_COMMON_BLOCKS = YES;
				GCC_WARN_64_TO_32_BIT_CONVERSION = YES;
				GCC_WARN_ABOUT_RETURN_TYPE = YES_ERROR;
				GCC_WARN_UNDECLARED_SELECTOR = YES;
				GCC_WARN_UNINITIALIZED_AUTOS = YES_AGGRESSIVE;
				GCC_WARN_UNUSED_FUNCTION = YES;
				GCC_WARN_UNUSED_VARIABLE = YES;
				IPHONEOS_DEPLOYMENT_TARGET = 13.0;
				MTL_ENABLE_DEBUG_INFO = NO;
				MTL_FAST_MATH = YES;
				SDKROOT = iphoneos;
				SWIFT_COMPILATION_MODE = wholemodule;
				SWIFT_OPTIMIZATION_LEVEL = "-O";
				VALIDATE_PRODUCT = YES;
			};
			name = Release;
		};
		45D4BEED2572CA07002E9F6D /* Debug */ = {
			isa = XCBuildConfiguration;
			buildSettings = {
				ASSETCATALOG_COMPILER_APPICON_NAME = AppIcon;
				ASSETCATALOG_COMPILER_GLOBAL_ACCENT_COLOR_NAME = AccentColor;
				CODE_SIGN_STYLE = Automatic;
				DEVELOPMENT_TEAM = TNSM43P2F3;
				INFOPLIST_FILE = AutolayoutUIKit/Info.plist;
				LD_RUNPATH_SEARCH_PATHS = (
					"$(inherited)",
					"@executable_path/Frameworks",
				);
				PRODUCT_BUNDLE_IDENTIFIER = com.javiercueto.AutolayoutUIKit;
				PRODUCT_NAME = "$(TARGET_NAME)";
				SWIFT_VERSION = 5.0;
				TARGETED_DEVICE_FAMILY = "1,2";
			};
			name = Debug;
		};
		45D4BEEE2572CA07002E9F6D /* Release */ = {
			isa = XCBuildConfiguration;
			buildSettings = {
				ASSETCATALOG_COMPILER_APPICON_NAME = AppIcon;
				ASSETCATALOG_COMPILER_GLOBAL_ACCENT_COLOR_NAME = AccentColor;
				CODE_SIGN_STYLE = Automatic;
				DEVELOPMENT_TEAM = TNSM43P2F3;
				INFOPLIST_FILE = AutolayoutUIKit/Info.plist;
				LD_RUNPATH_SEARCH_PATHS = (
					"$(inherited)",
					"@executable_path/Frameworks",
				);
				PRODUCT_BUNDLE_IDENTIFIER = com.javiercueto.AutolayoutUIKit;
				PRODUCT_NAME = "$(TARGET_NAME)";
				SWIFT_VERSION = 5.0;
				TARGETED_DEVICE_FAMILY = "1,2";
			};
			name = Release;
		};
/* End XCBuildConfiguration section */

/* Begin XCConfigurationList section */
		45D4BED32572CA05002E9F6D /* Build configuration list for PBXProject "AutolayoutUIKit" */ = {
			isa = XCConfigurationList;
			buildConfigurations = (
				45D4BEEA2572CA07002E9F6D /* Debug */,
				45D4BEEB2572CA07002E9F6D /* Release */,
			);
			defaultConfigurationIsVisible = 0;
			defaultConfigurationName = Release;
		};
		45D4BEEC2572CA07002E9F6D /* Build configuration list for PBXNativeTarget "AutolayoutUIKit" */ = {
			isa = XCConfigurationList;
			buildConfigurations = (
				45D4BEED2572CA07002E9F6D /* Debug */,
				45D4BEEE2572CA07002E9F6D /* Release */,
			);
			defaultConfigurationIsVisible = 0;
			defaultConfigurationName = Release;
		};
/* End XCConfigurationList section */
	};
	rootObject = 45D4BED02572CA05002E9F6D /* Project object */;
}
